
Microsoft Visual Studio Solution File, Format Version 12.00
# Visual Studio 15
VisualStudioVersion = 15.0.28307.572
MinimumVisualStudioVersion = 10.0.40219.1
Project("{FAE04EC0-301F-11D3-BF4B-00C04F79EFBC}") = "c-sharp-tips", "c-sharp-tips\c-sharp-tips.csproj", "{1F1E1F4B-B6AC-4A68-AFA1-16CF8093AADC}"
EndProject
Global
	GlobalSection(SolutionConfigurationPlatforms) = preSolution
		Debug|Any CPU = Debug|Any CPU
		Release|Any CPU = Release|Any CPU
	EndGlobalSection
	GlobalSection(ProjectConfigurationPlatforms) = postSolution
		{1F1E1F4B-B6AC-4A68-AFA1-16CF8093AADC}.Debug|Any CPU.ActiveCfg = Debug|Any CPU
		{1F1E1F4B-B6AC-4A68-AFA1-16CF8093AADC}.Debug|Any CPU.Build.0 = Debug|Any CPU
		{1F1E1F4B-B6AC-4A68-AFA1-16CF8093AADC}.Release|Any CPU.ActiveCfg = Release|Any CPU
		{1F1E1F4B-B6AC-4A68-AFA1-16CF8093AADC}.Release|Any CPU.Build.0 = Release|Any CPU
	EndGlobalSection
	GlobalSection(SolutionProperties) = preSolution
		HideSolutionNode = FALSE
	EndGlobalSection
	GlobalSection(ExtensibilityGlobals) = postSolution
		SolutionGuid = {F8F5FB8D-1AC5-454F-B5AB-82D59D6A1600}
	EndGlobalSection
EndGlobal
